
Microsoft Visual Studio Solution File, Format Version 12.00
# Visual Studio Version 17
VisualStudioVersion = 17.13.35931.197
MinimumVisualStudioVersion = 10.0.40219.1
Project("{8BC9CEB8-8B4A-11D0-8D11-00A0C91BC942}") = "MyThread", "MyThread\MyThread.vcxproj", "{C547C7A9-4768-4EEF-96F1-27DA5E1A5F6C}"
EndProject
Project("{8BC9CEB8-8B4A-11D0-8D11-00A0C91BC942}") = "Thread_2", "Thread_2\Thread_2.vcxproj", "{030AF42D-9B74-4C3D-A15F-9D61BDE842F9}"
EndProject
Project("{8BC9CEB8-8B4A-11D0-8D11-00A0C91BC942}") = "Thread_BakeryHomework", "Thread_BakeryHomework\Thread_BakeryHomework.vcxproj", "{1C659AFA-3CFA-45B5-9A95-8E2F5D6A5D96}"
EndProject
Project("{8BC9CEB8-8B4A-11D0-8D11-00A0C91BC942}") = "MyThread_Peterson", "MyThread_Peterson\MyThread_Peterson.vcxproj", "{BECA4237-FCE3-424C-B2F9-1B2CBD85DDE5}"
EndProject
Project("{8BC9CEB8-8B4A-11D0-8D11-00A0C91BC942}") = "PracticeCore", "PracticeCore\PracticeCore.vcxproj", "{48940761-8391-4A45-A1FF-BA4BE9E1CA29}"
EndProject
Project("{8BC9CEB8-8B4A-11D0-8D11-00A0C91BC942}") = "LIST_BLOCKING", "MyThread_CAS\MyThread_CAS.vcxproj", "{DF91F6F2-6F55-4D73-B622-66A3402C048E}"
EndProject
Project("{8BC9CEB8-8B4A-11D0-8D11-00A0C91BC942}") = "NB_List", "NB_List\NB_List.vcxproj", "{46D1B646-67C4-4DDE-8903-00256A491B52}"
EndProject
Project("{8BC9CEB8-8B4A-11D0-8D11-00A0C91BC942}") = "LIST_NON_BLOCKING", "LIST_NON_BLOCKING\LIST_NON_BLOCKING.vcxproj", "{0B811A05-3C3C-44BD-ADF3-C8AD36A292B0}"
EndProject
Project("{8BC9CEB8-8B4A-11D0-8D11-00A0C91BC942}") = "MAKEstdsetToWAITFREE", "MAKEstdsetToWAITFREE\MAKEstdsetToWAITFREE.vcxproj", "{FA502AE3-7CFE-4FF0-B8B5-F7C5ABD8C29A}"
EndProject
Project("{8BC9CEB8-8B4A-11D0-8D11-00A0C91BC942}") = "QUEUE_BLOCKING", "QUEUE_BLOCKING\QUEUE_BLOCKING.vcxproj", "{E975BFD7-9C77-4B2F-9B3F-0D66FC056F11}"
EndProject
Project("{8BC9CEB8-8B4A-11D0-8D11-00A0C91BC942}") = "SKIPLIST", "SKIPLIST\SKIPLIST.vcxproj", "{53F1ADFD-8331-431C-A288-D3261E4699DF}"
EndProject
Project("{8BC9CEB8-8B4A-11D0-8D11-00A0C91BC942}") = "Project1", "..\..\OpenMP\Project1\Project1.vcxproj", "{0A64DFCE-3938-4F3B-949D-C122ACA46A5A}"
EndProject
Global
	GlobalSection(SolutionConfigurationPlatforms) = preSolution
		Debug|x64 = Debug|x64
		Debug|x86 = Debug|x86
		Release|x64 = Release|x64
		Release|x86 = Release|x86
	EndGlobalSection
	GlobalSection(ProjectConfigurationPlatforms) = postSolution
		{C547C7A9-4768-4EEF-96F1-27DA5E1A5F6C}.Debug|x64.ActiveCfg = Debug|x64
		{C547C7A9-4768-4EEF-96F1-27DA5E1A5F6C}.Debug|x64.Build.0 = Debug|x64
		{C547C7A9-4768-4EEF-96F1-27DA5E1A5F6C}.Debug|x86.ActiveCfg = Debug|Win32
		{C547C7A9-4768-4EEF-96F1-27DA5E1A5F6C}.Debug|x86.Build.0 = Debug|Win32
		{C547C7A9-4768-4EEF-96F1-27DA5E1A5F6C}.Release|x64.ActiveCfg = Release|x64
		{C547C7A9-4768-4EEF-96F1-27DA5E1A5F6C}.Release|x64.Build.0 = Release|x64
		{C547C7A9-4768-4EEF-96F1-27DA5E1A5F6C}.Release|x86.ActiveCfg = Release|Win32
		{C547C7A9-4768-4EEF-96F1-27DA5E1A5F6C}.Release|x86.Build.0 = Release|Win32
		{030AF42D-9B74-4C3D-A15F-9D61BDE842F9}.Debug|x64.ActiveCfg = Debug|x64
		{030AF42D-9B74-4C3D-A15F-9D61BDE842F9}.Debug|x64.Build.0 = Debug|x64
		{030AF42D-9B74-4C3D-A15F-9D61BDE842F9}.Debug|x86.ActiveCfg = Debug|Win32
		{030AF42D-9B74-4C3D-A15F-9D61BDE842F9}.Debug|x86.Build.0 = Debug|Win32
		{030AF42D-9B74-4C3D-A15F-9D61BDE842F9}.Release|x64.ActiveCfg = Release|x64
		{030AF42D-9B74-4C3D-A15F-9D61BDE842F9}.Release|x64.Build.0 = Release|x64
		{030AF42D-9B74-4C3D-A15F-9D61BDE842F9}.Release|x86.ActiveCfg = Release|Win32
		{030AF42D-9B74-4C3D-A15F-9D61BDE842F9}.Release|x86.Build.0 = Release|Win32
		{1C659AFA-3CFA-45B5-9A95-8E2F5D6A5D96}.Debug|x64.ActiveCfg = Debug|x64
		{1C659AFA-3CFA-45B5-9A95-8E2F5D6A5D96}.Debug|x64.Build.0 = Debug|x64
		{1C659AFA-3CFA-45B5-9A95-8E2F5D6A5D96}.Debug|x86.ActiveCfg = Debug|Win32
		{1C659AFA-3CFA-45B5-9A95-8E2F5D6A5D96}.Debug|x86.Build.0 = Debug|Win32
		{1C659AFA-3CFA-45B5-9A95-8E2F5D6A5D96}.Release|x64.ActiveCfg = Release|x64
		{1C659AFA-3CFA-45B5-9A95-8E2F5D6A5D96}.Release|x64.Build.0 = Release|x64
		{1C659AFA-3CFA-45B5-9A95-8E2F5D6A5D96}.Release|x86.ActiveCfg = Release|Win32
		{1C659AFA-3CFA-45B5-9A95-8E2F5D6A5D96}.Release|x86.Build.0 = Release|Win32
		{BECA4237-FCE3-424C-B2F9-1B2CBD85DDE5}.Debug|x64.ActiveCfg = Debug|x64
		{BECA4237-FCE3-424C-B2F9-1B2CBD85DDE5}.Debug|x64.Build.0 = Debug|x64
		{BECA4237-FCE3-424C-B2F9-1B2CBD85DDE5}.Debug|x86.ActiveCfg = Debug|Win32
		{BECA4237-FCE3-424C-B2F9-1B2CBD85DDE5}.Debug|x86.Build.0 = Debug|Win32
		{BECA4237-FCE3-424C-B2F9-1B2CBD85DDE5}.Release|x64.ActiveCfg = Release|x64
		{BECA4237-FCE3-424C-B2F9-1B2CBD85DDE5}.Release|x64.Build.0 = Release|x64
		{BECA4237-FCE3-424C-B2F9-1B2CBD85DDE5}.Release|x86.ActiveCfg = Release|Win32
		{BECA4237-FCE3-424C-B2F9-1B2CBD85DDE5}.Release|x86.Build.0 = Release|Win32
		{48940761-8391-4A45-A1FF-BA4BE9E1CA29}.Debug|x64.ActiveCfg = Debug|x64
		{48940761-8391-4A45-A1FF-BA4BE9E1CA29}.Debug|x64.Build.0 = Debug|x64
		{48940761-8391-4A45-A1FF-BA4BE9E1CA29}.Debug|x86.ActiveCfg = Debug|Win32
		{48940761-8391-4A45-A1FF-BA4BE9E1CA29}.Debug|x86.Build.0 = Debug|Win32
		{48940761-8391-4A45-A1FF-BA4BE9E1CA29}.Release|x64.ActiveCfg = Release|x64
		{48940761-8391-4A45-A1FF-BA4BE9E1CA29}.Release|x64.Build.0 = Release|x64
		{48940761-8391-4A45-A1FF-BA4BE9E1CA29}.Release|x86.ActiveCfg = Release|Win32
		{48940761-8391-4A45-A1FF-BA4BE9E1CA29}.Release|x86.Build.0 = Release|Win32
		{DF91F6F2-6F55-4D73-B622-66A3402C048E}.Debug|x64.ActiveCfg = Debug|x64
		{DF91F6F2-6F55-4D73-B622-66A3402C048E}.Debug|x64.Build.0 = Debug|x64
		{DF91F6F2-6F55-4D73-B622-66A3402C048E}.Debug|x86.ActiveCfg = Debug|Win32
		{DF91F6F2-6F55-4D73-B622-66A3402C048E}.Debug|x86.Build.0 = Debug|Win32
		{DF91F6F2-6F55-4D73-B622-66A3402C048E}.Release|x64.ActiveCfg = Release|x64
		{DF91F6F2-6F55-4D73-B622-66A3402C048E}.Release|x64.Build.0 = Release|x64
		{DF91F6F2-6F55-4D73-B622-66A3402C048E}.Release|x86.ActiveCfg = Release|Win32
		{DF91F6F2-6F55-4D73-B622-66A3402C048E}.Release|x86.Build.0 = Release|Win32
		{46D1B646-67C4-4DDE-8903-00256A491B52}.Debug|x64.ActiveCfg = Debug|x64
		{46D1B646-67C4-4DDE-8903-00256A491B52}.Debug|x64.Build.0 = Debug|x64
		{46D1B646-67C4-4DDE-8903-00256A491B52}.Debug|x86.ActiveCfg = Debug|Win32
		{46D1B646-67C4-4DDE-8903-00256A491B52}.Debug|x86.Build.0 = Debug|Win32
		{46D1B646-67C4-4DDE-8903-00256A491B52}.Release|x64.ActiveCfg = Release|x64
		{46D1B646-67C4-4DDE-8903-00256A491B52}.Release|x64.Build.0 = Release|x64
		{46D1B646-67C4-4DDE-8903-00256A491B52}.Release|x86.ActiveCfg = Release|Win32
		{46D1B646-67C4-4DDE-8903-00256A491B52}.Release|x86.Build.0 = Release|Win32
		{0B811A05-3C3C-44BD-ADF3-C8AD36A292B0}.Debug|x64.ActiveCfg = Debug|x64
		{0B811A05-3C3C-44BD-ADF3-C8AD36A292B0}.Debug|x64.Build.0 = Debug|x64
		{0B811A05-3C3C-44BD-ADF3-C8AD36A292B0}.Debug|x86.ActiveCfg = Debug|Win32
		{0B811A05-3C3C-44BD-ADF3-C8AD36A292B0}.Debug|x86.Build.0 = Debug|Win32
		{0B811A05-3C3C-44BD-ADF3-C8AD36A292B0}.Release|x64.ActiveCfg = Release|x64
		{0B811A05-3C3C-44BD-ADF3-C8AD36A292B0}.Release|x64.Build.0 = Release|x64
		{0B811A05-3C3C-44BD-ADF3-C8AD36A292B0}.Release|x86.ActiveCfg = Release|Win32
		{0B811A05-3C3C-44BD-ADF3-C8AD36A292B0}.Release|x86.Build.0 = Release|Win32
		{FA502AE3-7CFE-4FF0-B8B5-F7C5ABD8C29A}.Debug|x64.ActiveCfg = Debug|x64
		{FA502AE3-7CFE-4FF0-B8B5-F7C5ABD8C29A}.Debug|x64.Build.0 = Debug|x64
		{FA502AE3-7CFE-4FF0-B8B5-F7C5ABD8C29A}.Debug|x86.ActiveCfg = Debug|Win32
		{FA502AE3-7CFE-4FF0-B8B5-F7C5ABD8C29A}.Debug|x86.Build.0 = Debug|Win32
		{FA502AE3-7CFE-4FF0-B8B5-F7C5ABD8C29A}.Release|x64.ActiveCfg = Release|x64
		{FA502AE3-7CFE-4FF0-B8B5-F7C5ABD8C29A}.Release|x64.Build.0 = Release|x64
		{FA502AE3-7CFE-4FF0-B8B5-F7C5ABD8C29A}.Release|x86.ActiveCfg = Release|Win32
		{FA502AE3-7CFE-4FF0-B8B5-F7C5ABD8C29A}.Release|x86.Build.0 = Release|Win32
		{E975BFD7-9C77-4B2F-9B3F-0D66FC056F11}.Debug|x64.ActiveCfg = Debug|x64
		{E975BFD7-9C77-4B2F-9B3F-0D66FC056F11}.Debug|x64.Build.0 = Debug|x64
		{E975BFD7-9C77-4B2F-9B3F-0D66FC056F11}.Debug|x86.ActiveCfg = Debug|Win32
		{E975BFD7-9C77-4B2F-9B3F-0D66FC056F11}.Debug|x86.Build.0 = Debug|Win32
		{E975BFD7-9C77-4B2F-9B3F-0D66FC056F11}.Release|x64.ActiveCfg = Release|x64
		{E975BFD7-9C77-4B2F-9B3F-0D66FC056F11}.Release|x64.Build.0 = Release|x64
		{E975BFD7-9C77-4B2F-9B3F-0D66FC056F11}.Release|x86.ActiveCfg = Release|Win32
		{E975BFD7-9C77-4B2F-9B3F-0D66FC056F11}.Release|x86.Build.0 = Release|Win32
		{53F1ADFD-8331-431C-A288-D3261E4699DF}.Debug|x64.ActiveCfg = Debug|x64
		{53F1ADFD-8331-431C-A288-D3261E4699DF}.Debug|x64.Build.0 = Debug|x64
		{53F1ADFD-8331-431C-A288-D3261E4699DF}.Debug|x86.ActiveCfg = Debug|Win32
		{53F1ADFD-8331-431C-A288-D3261E4699DF}.Debug|x86.Build.0 = Debug|Win32
		{53F1ADFD-8331-431C-A288-D3261E4699DF}.Release|x64.ActiveCfg = Release|x64
		{53F1ADFD-8331-431C-A288-D3261E4699DF}.Release|x64.Build.0 = Release|x64
		{53F1ADFD-8331-431C-A288-D3261E4699DF}.Release|x86.ActiveCfg = Release|Win32
		{53F1ADFD-8331-431C-A288-D3261E4699DF}.Release|x86.Build.0 = Release|Win32
		{0A64DFCE-3938-4F3B-949D-C122ACA46A5A}.Debug|x64.ActiveCfg = Debug|x64
		{0A64DFCE-3938-4F3B-949D-C122ACA46A5A}.Debug|x64.Build.0 = Debug|x64
		{0A64DFCE-3938-4F3B-949D-C122ACA46A5A}.Debug|x86.ActiveCfg = Debug|Win32
		{0A64DFCE-3938-4F3B-949D-C122ACA46A5A}.Debug|x86.Build.0 = Debug|Win32
		{0A64DFCE-3938-4F3B-949D-C122ACA46A5A}.Release|x64.ActiveCfg = Release|x64
		{0A64DFCE-3938-4F3B-949D-C122ACA46A5A}.Release|x64.Build.0 = Release|x64
		{0A64DFCE-3938-4F3B-949D-C122ACA46A5A}.Release|x86.ActiveCfg = Release|Win32
		{0A64DFCE-3938-4F3B-949D-C122ACA46A5A}.Release|x86.Build.0 = Release|Win32
	EndGlobalSection
	GlobalSection(SolutionProperties) = preSolution
		HideSolutionNode = FALSE
	EndGlobalSection
	GlobalSection(ExtensibilityGlobals) = postSolution
		SolutionGuid = {B18EEC72-E73D-4A49-AA2E-B081C9D70D1C}
	EndGlobalSection
EndGlobal
