
Microsoft Visual Studio Solution File, Format Version 12.00
# Visual Studio Version 17
VisualStudioVersion = 17.13.35931.197
MinimumVisualStudioVersion = 10.0.40219.1
Project("{8BC9CEB8-8B4A-11D0-8D11-00A0C91BC942}") = "MyThread", "MyThread\MyThread.vcxproj", "{C547C7A9-4768-4EEF-96F1-27DA5E1A5F6C}"
EndProject
Project("{8BC9CEB8-8B4A-11D0-8D11-00A0C91BC942}") = "Thread_2", "Thread_2\Thread_2.vcxproj", "{030AF42D-9B74-4C3D-A15F-9D61BDE842F9}"
EndProject
Project("{8BC9CEB8-8B4A-11D0-8D11-00A0C91BC942}") = "Thread_BakeryHomework", "Thread_BakeryHomework\Thread_BakeryHomework.vcxproj", "{1C659AFA-3CFA-45B5-9A95-8E2F5D6A5D96}"
EndProject
Project("{8BC9CEB8-8B4A-11D0-8D11-00A0C91BC942}") = "MyThread_Peterson", "MyThread_Peterson\MyThread_Peterson.vcxproj", "{BECA4237-FCE3-424C-B2F9-1B2CBD85DDE5}"
EndProject
Global
	GlobalSection(SolutionConfigurationPlatforms) = preSolution
		Debug|x64 = Debug|x64
		Debug|x86 = Debug|x86
		Release|x64 = Release|x64
		Release|x86 = Release|x86
	EndGlobalSection
	GlobalSection(ProjectConfigurationPlatforms) = postSolution
		{C547C7A9-4768-4EEF-96F1-27DA5E1A5F6C}.Debug|x64.ActiveCfg = Debug|x64
		{C547C7A9-4768-4EEF-96F1-27DA5E1A5F6C}.Debug|x64.Build.0 = Debug|x64
		{C547C7A9-4768-4EEF-96F1-27DA5E1A5F6C}.Debug|x86.ActiveCfg = Debug|Win32
		{C547C7A9-4768-4EEF-96F1-27DA5E1A5F6C}.Debug|x86.Build.0 = Debug|Win32
		{C547C7A9-4768-4EEF-96F1-27DA5E1A5F6C}.Release|x64.ActiveCfg = Release|x64
		{C547C7A9-4768-4EEF-96F1-27DA5E1A5F6C}.Release|x64.Build.0 = Release|x64
		{C547C7A9-4768-4EEF-96F1-27DA5E1A5F6C}.Release|x86.ActiveCfg = Release|Win32
		{C547C7A9-4768-4EEF-96F1-27DA5E1A5F6C}.Release|x86.Build.0 = Release|Win32
		{030AF42D-9B74-4C3D-A15F-9D61BDE842F9}.Debug|x64.ActiveCfg = Debug|x64
		{030AF42D-9B74-4C3D-A15F-9D61BDE842F9}.Debug|x64.Build.0 = Debug|x64
		{030AF42D-9B74-4C3D-A15F-9D61BDE842F9}.Debug|x86.ActiveCfg = Debug|Win32
		{030AF42D-9B74-4C3D-A15F-9D61BDE842F9}.Debug|x86.Build.0 = Debug|Win32
		{030AF42D-9B74-4C3D-A15F-9D61BDE842F9}.Release|x64.ActiveCfg = Release|x64
		{030AF42D-9B74-4C3D-A15F-9D61BDE842F9}.Release|x64.Build.0 = Release|x64
		{030AF42D-9B74-4C3D-A15F-9D61BDE842F9}.Release|x86.ActiveCfg = Release|Win32
		{030AF42D-9B74-4C3D-A15F-9D61BDE842F9}.Release|x86.Build.0 = Release|Win32
		{1C659AFA-3CFA-45B5-9A95-8E2F5D6A5D96}.Debug|x64.ActiveCfg = Debug|x64
		{1C659AFA-3CFA-45B5-9A95-8E2F5D6A5D96}.Debug|x64.Build.0 = Debug|x64
		{1C659AFA-3CFA-45B5-9A95-8E2F5D6A5D96}.Debug|x86.ActiveCfg = Debug|Win32
		{1C659AFA-3CFA-45B5-9A95-8E2F5D6A5D96}.Debug|x86.Build.0 = Debug|Win32
		{1C659AFA-3CFA-45B5-9A95-8E2F5D6A5D96}.Release|x64.ActiveCfg = Release|x64
		{1C659AFA-3CFA-45B5-9A95-8E2F5D6A5D96}.Release|x64.Build.0 = Release|x64
		{1C659AFA-3CFA-45B5-9A95-8E2F5D6A5D96}.Release|x86.ActiveCfg = Release|Win32
		{1C659AFA-3CFA-45B5-9A95-8E2F5D6A5D96}.Release|x86.Build.0 = Release|Win32
		{BECA4237-FCE3-424C-B2F9-1B2CBD85DDE5}.Debug|x64.ActiveCfg = Debug|x64
		{BECA4237-FCE3-424C-B2F9-1B2CBD85DDE5}.Debug|x64.Build.0 = Debug|x64
		{BECA4237-FCE3-424C-B2F9-1B2CBD85DDE5}.Debug|x86.ActiveCfg = Debug|Win32
		{BECA4237-FCE3-424C-B2F9-1B2CBD85DDE5}.Debug|x86.Build.0 = Debug|Win32
		{BECA4237-FCE3-424C-B2F9-1B2CBD85DDE5}.Release|x64.ActiveCfg = Release|x64
		{BECA4237-FCE3-424C-B2F9-1B2CBD85DDE5}.Release|x64.Build.0 = Release|x64
		{BECA4237-FCE3-424C-B2F9-1B2CBD85DDE5}.Release|x86.ActiveCfg = Release|Win32
		{BECA4237-FCE3-424C-B2F9-1B2CBD85DDE5}.Release|x86.Build.0 = Release|Win32
	EndGlobalSection
	GlobalSection(SolutionProperties) = preSolution
		HideSolutionNode = FALSE
	EndGlobalSection
	GlobalSection(ExtensibilityGlobals) = postSolution
		SolutionGuid = {B18EEC72-E73D-4A49-AA2E-B081C9D70D1C}
	EndGlobalSection
EndGlobal
